// !$*UTF8*$!
{
	archiveVersion = 1;
	classes = {
	};
	objectVersion = 46;
	objects = {

/* Begin PBXBuildFile section */
		3995253D1CFF473D00432B4C /* ListViewController.swift in Sources */ = {isa = PBXBuildFile; fileRef = 3995253C1CFF473D00432B4C /* ListViewController.swift */; };
		399525401CFF47DD00432B4C /* ListCell.swift in Sources */ = {isa = PBXBuildFile; fileRef = 3995253E1CFF47DD00432B4C /* ListCell.swift */; };
		399525411CFF47DD00432B4C /* ListCell.xib in Resources */ = {isa = PBXBuildFile; fileRef = 3995253F1CFF47DD00432B4C /* ListCell.xib */; };
		39B069D51C79F860007A17D0 /* Photo.swift in Sources */ = {isa = PBXBuildFile; fileRef = 39B069D41C79F860007A17D0 /* Photo.swift */; };
		39B069DA1C7A0F99007A17D0 /* Default-568h@2x.png in Resources */ = {isa = PBXBuildFile; fileRef = 39B069D71C7A0F99007A17D0 /* Default-568h@2x.png */; };
		39B069DB1C7A0F99007A17D0 /* Default-667h@2x.png in Resources */ = {isa = PBXBuildFile; fileRef = 39B069D81C7A0F99007A17D0 /* Default-667h@2x.png */; };
		39B069DC1C7A0F99007A17D0 /* Default-736h@3x.png in Resources */ = {isa = PBXBuildFile; fileRef = 39B069D91C7A0F99007A17D0 /* Default-736h@3x.png */; };
		39D49A6E1C4B2186008077D3 /* AppDelegate.swift in Sources */ = {isa = PBXBuildFile; fileRef = 39D49A6D1C4B2186008077D3 /* AppDelegate.swift */; };
		39D49A701C4B2186008077D3 /* ViewController.swift in Sources */ = {isa = PBXBuildFile; fileRef = 39D49A6F1C4B2186008077D3 /* ViewController.swift */; };
		39D49A731C4B2186008077D3 /* Main.storyboard in Resources */ = {isa = PBXBuildFile; fileRef = 39D49A711C4B2186008077D3 /* Main.storyboard */; };
		39D49A751C4B2186008077D3 /* Assets.xcassets in Resources */ = {isa = PBXBuildFile; fileRef = 39D49A741C4B2186008077D3 /* Assets.xcassets */; };
		39D49A781C4B2186008077D3 /* LaunchScreen.storyboard in Resources */ = {isa = PBXBuildFile; fileRef = 39D49A761C4B2186008077D3 /* LaunchScreen.storyboard */; };
		39D49A831C4B2186008077D3 /* SampleRealmTests.swift in Sources */ = {isa = PBXBuildFile; fileRef = 39D49A821C4B2186008077D3 /* SampleRealmTests.swift */; };
		39D49A8E1C4B2186008077D3 /* SampleRealmUITests.swift in Sources */ = {isa = PBXBuildFile; fileRef = 39D49A8D1C4B2186008077D3 /* SampleRealmUITests.swift */; };
		9DB7D3FFC0210ED50FE200E6 /* Pods_SampleRealmUITests.framework in Frameworks */ = {isa = PBXBuildFile; fileRef = 4468B7266529991C18112E50 /* Pods_SampleRealmUITests.framework */; };
		CFBB964DC2C718C414E1795B /* Pods_SampleRealm.framework in Frameworks */ = {isa = PBXBuildFile; fileRef = 70E69F1728050140378D68EE /* Pods_SampleRealm.framework */; };
		D46141B7D88FB6BD9153198A /* Pods_SampleRealmTests.framework in Frameworks */ = {isa = PBXBuildFile; fileRef = 1098C53166FD9F7C30B46BB5 /* Pods_SampleRealmTests.framework */; };
/* End PBXBuildFile section */

/* Begin PBXContainerItemProxy section */
		39D49A7F1C4B2186008077D3 /* PBXContainerItemProxy */ = {
			isa = PBXContainerItemProxy;
			containerPortal = 39D49A621C4B2186008077D3 /* Project object */;
			proxyType = 1;
			remoteGlobalIDString = 39D49A691C4B2186008077D3;
			remoteInfo = SampleRealm;
		};
		39D49A8A1C4B2186008077D3 /* PBXContainerItemProxy */ = {
			isa = PBXContainerItemProxy;
			containerPortal = 39D49A621C4B2186008077D3 /* Project object */;
			proxyType = 1;
			remoteGlobalIDString = 39D49A691C4B2186008077D3;
			remoteInfo = SampleRealm;
		};
/* End PBXContainerItemProxy section */

/* Begin PBXFileReference section */
		0DCA54B9581653C6E0279B72 /* Pods-SampleRealmTests.release.xcconfig */ = {isa = PBXFileReference; includeInIndex = 1; lastKnownFileType = text.xcconfig; name = "Pods-SampleRealmTests.release.xcconfig"; path = "Pods/Target Support Files/Pods-SampleRealmTests/Pods-SampleRealmTests.release.xcconfig"; sourceTree = "<group>"; };
		1098C53166FD9F7C30B46BB5 /* Pods_SampleRealmTests.framework */ = {isa = PBXFileReference; explicitFileType = wrapper.framework; includeInIndex = 0; path = Pods_SampleRealmTests.framework; sourceTree = BUILT_PRODUCTS_DIR; };
		1C857DF1E7A7E21BC0078A36 /* Pods-SampleRealm.debug.xcconfig */ = {isa = PBXFileReference; includeInIndex = 1; lastKnownFileType = text.xcconfig; name = "Pods-SampleRealm.debug.xcconfig"; path = "Pods/Target Support Files/Pods-SampleRealm/Pods-SampleRealm.debug.xcconfig"; sourceTree = "<group>"; };
		3995253C1CFF473D00432B4C /* ListViewController.swift */ = {isa = PBXFileReference; fileEncoding = 4; lastKnownFileType = sourcecode.swift; path = ListViewController.swift; sourceTree = "<group>"; };
		3995253E1CFF47DD00432B4C /* ListCell.swift */ = {isa = PBXFileReference; fileEncoding = 4; lastKnownFileType = sourcecode.swift; path = ListCell.swift; sourceTree = "<group>"; };
		3995253F1CFF47DD00432B4C /* ListCell.xib */ = {isa = PBXFileReference; fileEncoding = 4; lastKnownFileType = file.xib; path = ListCell.xib; sourceTree = "<group>"; };
		39B069D41C79F860007A17D0 /* Photo.swift */ = {isa = PBXFileReference; fileEncoding = 4; lastKnownFileType = sourcecode.swift; path = Photo.swift; sourceTree = "<group>"; };
		39B069D71C7A0F99007A17D0 /* Default-568h@2x.png */ = {isa = PBXFileReference; lastKnownFileType = image.png; path = "Default-568h@2x.png"; sourceTree = "<group>"; };
		39B069D81C7A0F99007A17D0 /* Default-667h@2x.png */ = {isa = PBXFileReference; lastKnownFileType = image.png; path = "Default-667h@2x.png"; sourceTree = "<group>"; };
		39B069D91C7A0F99007A17D0 /* Default-736h@3x.png */ = {isa = PBXFileReference; lastKnownFileType = image.png; path = "Default-736h@3x.png"; sourceTree = "<group>"; };
		39D49A6A1C4B2186008077D3 /* SampleRealm.app */ = {isa = PBXFileReference; explicitFileType = wrapper.application; includeInIndex = 0; path = SampleRealm.app; sourceTree = BUILT_PRODUCTS_DIR; };
		39D49A6D1C4B2186008077D3 /* AppDelegate.swift */ = {isa = PBXFileReference; lastKnownFileType = sourcecode.swift; path = AppDelegate.swift; sourceTree = "<group>"; };
		39D49A6F1C4B2186008077D3 /* ViewController.swift */ = {isa = PBXFileReference; lastKnownFileType = sourcecode.swift; path = ViewController.swift; sourceTree = "<group>"; };
		39D49A721C4B2186008077D3 /* Base */ = {isa = PBXFileReference; lastKnownFileType = file.storyboard; name = Base; path = Base.lproj/Main.storyboard; sourceTree = "<group>"; };
		39D49A741C4B2186008077D3 /* Assets.xcassets */ = {isa = PBXFileReference; lastKnownFileType = folder.assetcatalog; path = Assets.xcassets; sourceTree = "<group>"; };
		39D49A771C4B2186008077D3 /* Base */ = {isa = PBXFileReference; lastKnownFileType = file.storyboard; name = Base; path = Base.lproj/LaunchScreen.storyboard; sourceTree = "<group>"; };
		39D49A791C4B2186008077D3 /* Info.plist */ = {isa = PBXFileReference; lastKnownFileType = text.plist.xml; path = Info.plist; sourceTree = "<group>"; };
		39D49A7E1C4B2186008077D3 /* SampleRealmTests.xctest */ = {isa = PBXFileReference; explicitFileType = wrapper.cfbundle; includeInIndex = 0; path = SampleRealmTests.xctest; sourceTree = BUILT_PRODUCTS_DIR; };
		39D49A821C4B2186008077D3 /* SampleRealmTests.swift */ = {isa = PBXFileReference; lastKnownFileType = sourcecode.swift; path = SampleRealmTests.swift; sourceTree = "<group>"; };
		39D49A841C4B2186008077D3 /* Info.plist */ = {isa = PBXFileReference; lastKnownFileType = text.plist.xml; path = Info.plist; sourceTree = "<group>"; };
		39D49A891C4B2186008077D3 /* SampleRealmUITests.xctest */ = {isa = PBXFileReference; explicitFileType = wrapper.cfbundle; includeInIndex = 0; path = SampleRealmUITests.xctest; sourceTree = BUILT_PRODUCTS_DIR; };
		39D49A8D1C4B2186008077D3 /* SampleRealmUITests.swift */ = {isa = PBXFileReference; lastKnownFileType = sourcecode.swift; path = SampleRealmUITests.swift; sourceTree = "<group>"; };
		39D49A8F1C4B2186008077D3 /* Info.plist */ = {isa = PBXFileReference; lastKnownFileType = text.plist.xml; path = Info.plist; sourceTree = "<group>"; };
		4468B7266529991C18112E50 /* Pods_SampleRealmUITests.framework */ = {isa = PBXFileReference; explicitFileType = wrapper.framework; includeInIndex = 0; path = Pods_SampleRealmUITests.framework; sourceTree = BUILT_PRODUCTS_DIR; };
		57AEC89D10BDB0B8032A3BDF /* Pods-SampleRealmUITests.release.xcconfig */ = {isa = PBXFileReference; includeInIndex = 1; lastKnownFileType = text.xcconfig; name = "Pods-SampleRealmUITests.release.xcconfig"; path = "Pods/Target Support Files/Pods-SampleRealmUITests/Pods-SampleRealmUITests.release.xcconfig"; sourceTree = "<group>"; };
		63CAEE96992B2084D72B4489 /* Pods-SampleRealmTests.debug.xcconfig */ = {isa = PBXFileReference; includeInIndex = 1; lastKnownFileType = text.xcconfig; name = "Pods-SampleRealmTests.debug.xcconfig"; path = "Pods/Target Support Files/Pods-SampleRealmTests/Pods-SampleRealmTests.debug.xcconfig"; sourceTree = "<group>"; };
		6966CABF0F8E28507C4C16A2 /* Pods-SampleRealmUITests.debug.xcconfig */ = {isa = PBXFileReference; includeInIndex = 1; lastKnownFileType = text.xcconfig; name = "Pods-SampleRealmUITests.debug.xcconfig"; path = "Pods/Target Support Files/Pods-SampleRealmUITests/Pods-SampleRealmUITests.debug.xcconfig"; sourceTree = "<group>"; };
		70E69F1728050140378D68EE /* Pods_SampleRealm.framework */ = {isa = PBXFileReference; explicitFileType = wrapper.framework; includeInIndex = 0; path = Pods_SampleRealm.framework; sourceTree = BUILT_PRODUCTS_DIR; };
		AB367A5B0B1EF89D81D850F8 /* Pods-SampleRealm.release.xcconfig */ = {isa = PBXFileReference; includeInIndex = 1; lastKnownFileType = text.xcconfig; name = "Pods-SampleRealm.release.xcconfig"; path = "Pods/Target Support Files/Pods-SampleRealm/Pods-SampleRealm.release.xcconfig"; sourceTree = "<group>"; };
/* End PBXFileReference section */

/* Begin PBXFrameworksBuildPhase section */
		39D49A671C4B2186008077D3 /* Frameworks */ = {
			isa = PBXFrameworksBuildPhase;
			buildActionMask = 2147483647;
			files = (
				CFBB964DC2C718C414E1795B /* Pods_SampleRealm.framework in Frameworks */,
			);
			runOnlyForDeploymentPostprocessing = 0;
		};
		39D49A7B1C4B2186008077D3 /* Frameworks */ = {
			isa = PBXFrameworksBuildPhase;
			buildActionMask = 2147483647;
			files = (
				D46141B7D88FB6BD9153198A /* Pods_SampleRealmTests.framework in Frameworks */,
			);
			runOnlyForDeploymentPostprocessing = 0;
		};
		39D49A861C4B2186008077D3 /* Frameworks */ = {
			isa = PBXFrameworksBuildPhase;
			buildActionMask = 2147483647;
			files = (
				9DB7D3FFC0210ED50FE200E6 /* Pods_SampleRealmUITests.framework in Frameworks */,
			);
			runOnlyForDeploymentPostprocessing = 0;
		};
/* End PBXFrameworksBuildPhase section */

/* Begin PBXGroup section */
		399525421CFF47E500432B4C /* ListCell */ = {
			isa = PBXGroup;
			children = (
				3995253E1CFF47DD00432B4C /* ListCell.swift */,
				3995253F1CFF47DD00432B4C /* ListCell.xib */,
			);
			name = ListCell;
			sourceTree = "<group>";
		};
		399525431CFF47EE00432B4C /* Controllers */ = {
			isa = PBXGroup;
			children = (
				39D49A6F1C4B2186008077D3 /* ViewController.swift */,
				3995253C1CFF473D00432B4C /* ListViewController.swift */,
			);
			name = Controllers;
			sourceTree = "<group>";
		};
		399525451CFF47FB00432B4C /* Models */ = {
			isa = PBXGroup;
			children = (
				39B069D41C79F860007A17D0 /* Photo.swift */,
			);
			name = Models;
			sourceTree = "<group>";
		};
		39B069D61C7A0F99007A17D0 /* Defaults */ = {
			isa = PBXGroup;
			children = (
				39B069D71C7A0F99007A17D0 /* Default-568h@2x.png */,
				39B069D81C7A0F99007A17D0 /* Default-667h@2x.png */,
				39B069D91C7A0F99007A17D0 /* Default-736h@3x.png */,
			);
			path = Defaults;
			sourceTree = "<group>";
		};
		39D49A611C4B2186008077D3 = {
			isa = PBXGroup;
			children = (
				39D49A6C1C4B2186008077D3 /* SampleRealm */,
				39D49A811C4B2186008077D3 /* SampleRealmTests */,
				39D49A8C1C4B2186008077D3 /* SampleRealmUITests */,
				39D49A6B1C4B2186008077D3 /* Products */,
				3D0D3C3BF335E6E7A324ADC4 /* Pods */,
				9160B32DDC8228F8BE1C5A4A /* Frameworks */,
			);
			sourceTree = "<group>";
		};
		39D49A6B1C4B2186008077D3 /* Products */ = {
			isa = PBXGroup;
			children = (
				39D49A6A1C4B2186008077D3 /* SampleRealm.app */,
				39D49A7E1C4B2186008077D3 /* SampleRealmTests.xctest */,
				39D49A891C4B2186008077D3 /* SampleRealmUITests.xctest */,
			);
			name = Products;
			sourceTree = "<group>";
		};
		39D49A6C1C4B2186008077D3 /* SampleRealm */ = {
			isa = PBXGroup;
			children = (
				39B069D61C7A0F99007A17D0 /* Defaults */,
				39D49A6D1C4B2186008077D3 /* AppDelegate.swift */,
				399525431CFF47EE00432B4C /* Controllers */,
				39D49A711C4B2186008077D3 /* Main.storyboard */,
				39D49A741C4B2186008077D3 /* Assets.xcassets */,
				39D49A761C4B2186008077D3 /* LaunchScreen.storyboard */,
				39D49A791C4B2186008077D3 /* Info.plist */,
				399525451CFF47FB00432B4C /* Models */,
				399525421CFF47E500432B4C /* ListCell */,
			);
			path = SampleRealm;
			sourceTree = "<group>";
		};
		39D49A811C4B2186008077D3 /* SampleRealmTests */ = {
			isa = PBXGroup;
			children = (
				39D49A821C4B2186008077D3 /* SampleRealmTests.swift */,
				39D49A841C4B2186008077D3 /* Info.plist */,
			);
			path = SampleRealmTests;
			sourceTree = "<group>";
		};
		39D49A8C1C4B2186008077D3 /* SampleRealmUITests */ = {
			isa = PBXGroup;
			children = (
				39D49A8D1C4B2186008077D3 /* SampleRealmUITests.swift */,
				39D49A8F1C4B2186008077D3 /* Info.plist */,
			);
			path = SampleRealmUITests;
			sourceTree = "<group>";
		};
		3D0D3C3BF335E6E7A324ADC4 /* Pods */ = {
			isa = PBXGroup;
			children = (
				1C857DF1E7A7E21BC0078A36 /* Pods-SampleRealm.debug.xcconfig */,
				AB367A5B0B1EF89D81D850F8 /* Pods-SampleRealm.release.xcconfig */,
				63CAEE96992B2084D72B4489 /* Pods-SampleRealmTests.debug.xcconfig */,
				0DCA54B9581653C6E0279B72 /* Pods-SampleRealmTests.release.xcconfig */,
				6966CABF0F8E28507C4C16A2 /* Pods-SampleRealmUITests.debug.xcconfig */,
				57AEC89D10BDB0B8032A3BDF /* Pods-SampleRealmUITests.release.xcconfig */,
			);
			name = Pods;
			sourceTree = "<group>";
		};
		9160B32DDC8228F8BE1C5A4A /* Frameworks */ = {
			isa = PBXGroup;
			children = (
				70E69F1728050140378D68EE /* Pods_SampleRealm.framework */,
				1098C53166FD9F7C30B46BB5 /* Pods_SampleRealmTests.framework */,
				4468B7266529991C18112E50 /* Pods_SampleRealmUITests.framework */,
			);
			name = Frameworks;
			sourceTree = "<group>";
		};
/* End PBXGroup section */

/* Begin PBXNativeTarget section */
		39D49A691C4B2186008077D3 /* SampleRealm */ = {
			isa = PBXNativeTarget;
			buildConfigurationList = 39D49A921C4B2186008077D3 /* Build configuration list for PBXNativeTarget "SampleRealm" */;
			buildPhases = (
				0F3C1257447818E3AD809D1C /* 📦 Check Pods Manifest.lock */,
				39D49A661C4B2186008077D3 /* Sources */,
				39D49A671C4B2186008077D3 /* Frameworks */,
				39D49A681C4B2186008077D3 /* Resources */,
				321DE075BC69C54B14AA54A6 /* 📦 Embed Pods Frameworks */,
				869E277B47ED5309C90EC03A /* 📦 Copy Pods Resources */,
				EC44F1B20A7D08D3DE48AF8B /* Embed Pods Frameworks */,
			);
			buildRules = (
			);
			dependencies = (
			);
			name = SampleRealm;
			productName = SampleRealm;
			productReference = 39D49A6A1C4B2186008077D3 /* SampleRealm.app */;
			productType = "com.apple.product-type.application";
		};
		39D49A7D1C4B2186008077D3 /* SampleRealmTests */ = {
			isa = PBXNativeTarget;
			buildConfigurationList = 39D49A951C4B2186008077D3 /* Build configuration list for PBXNativeTarget "SampleRealmTests" */;
			buildPhases = (
				030109E51CF1F8FF9349153C /* 📦 Check Pods Manifest.lock */,
				39D49A7A1C4B2186008077D3 /* Sources */,
				39D49A7B1C4B2186008077D3 /* Frameworks */,
				39D49A7C1C4B2186008077D3 /* Resources */,
				BD4853CC0E9EF0C2B77229F5 /* 📦 Embed Pods Frameworks */,
				5B4981DEF84EEAE92CB5F52D /* 📦 Copy Pods Resources */,
			);
			buildRules = (
			);
			dependencies = (
				39D49A801C4B2186008077D3 /* PBXTargetDependency */,
			);
			name = SampleRealmTests;
			productName = SampleRealmTests;
			productReference = 39D49A7E1C4B2186008077D3 /* SampleRealmTests.xctest */;
			productType = "com.apple.product-type.bundle.unit-test";
		};
		39D49A881C4B2186008077D3 /* SampleRealmUITests */ = {
			isa = PBXNativeTarget;
			buildConfigurationList = 39D49A981C4B2186008077D3 /* Build configuration list for PBXNativeTarget "SampleRealmUITests" */;
			buildPhases = (
				1961D22243B448317E150C01 /* 📦 Check Pods Manifest.lock */,
				39D49A851C4B2186008077D3 /* Sources */,
				39D49A861C4B2186008077D3 /* Frameworks */,
				39D49A871C4B2186008077D3 /* Resources */,
				B51077DBE76AF96A8BB60D9F /* 📦 Copy Pods Resources */,
			);
			buildRules = (
			);
			dependencies = (
				39D49A8B1C4B2186008077D3 /* PBXTargetDependency */,
			);
			name = SampleRealmUITests;
			productName = SampleRealmUITests;
			productReference = 39D49A891C4B2186008077D3 /* SampleRealmUITests.xctest */;
			productType = "com.apple.product-type.bundle.ui-testing";
		};
/* End PBXNativeTarget section */

/* Begin PBXProject section */
		39D49A621C4B2186008077D3 /* Project object */ = {
			isa = PBXProject;
			attributes = {
				LastSwiftUpdateCheck = 0720;
				LastUpgradeCheck = 0720;
				ORGANIZATIONNAME = ShinokiRyosei;
				TargetAttributes = {
					39D49A691C4B2186008077D3 = {
						CreatedOnToolsVersion = 7.2;
					};
					39D49A7D1C4B2186008077D3 = {
						CreatedOnToolsVersion = 7.2;
						TestTargetID = 39D49A691C4B2186008077D3;
					};
					39D49A881C4B2186008077D3 = {
						CreatedOnToolsVersion = 7.2;
						TestTargetID = 39D49A691C4B2186008077D3;
					};
				};
			};
			buildConfigurationList = 39D49A651C4B2186008077D3 /* Build configuration list for PBXProject "SampleRealm" */;
			compatibilityVersion = "Xcode 3.2";
			developmentRegion = English;
			hasScannedForEncodings = 0;
			knownRegions = (
				en,
				Base,
			);
			mainGroup = 39D49A611C4B2186008077D3;
			productRefGroup = 39D49A6B1C4B2186008077D3 /* Products */;
			projectDirPath = "";
			projectRoot = "";
			targets = (
				39D49A691C4B2186008077D3 /* SampleRealm */,
				39D49A7D1C4B2186008077D3 /* SampleRealmTests */,
				39D49A881C4B2186008077D3 /* SampleRealmUITests */,
			);
		};
/* End PBXProject section */

/* Begin PBXResourcesBuildPhase section */
		39D49A681C4B2186008077D3 /* Resources */ = {
			isa = PBXResourcesBuildPhase;
			buildActionMask = 2147483647;
			files = (
				39D49A781C4B2186008077D3 /* LaunchScreen.storyboard in Resources */,
				39B069DA1C7A0F99007A17D0 /* Default-568h@2x.png in Resources */,
				39D49A751C4B2186008077D3 /* Assets.xcassets in Resources */,
				39D49A731C4B2186008077D3 /* Main.storyboard in Resources */,
				39B069DB1C7A0F99007A17D0 /* Default-667h@2x.png in Resources */,
				39B069DC1C7A0F99007A17D0 /* Default-736h@3x.png in Resources */,
				399525411CFF47DD00432B4C /* ListCell.xib in Resources */,
			);
			runOnlyForDeploymentPostprocessing = 0;
		};
		39D49A7C1C4B2186008077D3 /* Resources */ = {
			isa = PBXResourcesBuildPhase;
			buildActionMask = 2147483647;
			files = (
			);
			runOnlyForDeploymentPostprocessing = 0;
		};
		39D49A871C4B2186008077D3 /* Resources */ = {
			isa = PBXResourcesBuildPhase;
			buildActionMask = 2147483647;
			files = (
			);
			runOnlyForDeploymentPostprocessing = 0;
		};
/* End PBXResourcesBuildPhase section */

/* Begin PBXShellScriptBuildPhase section */
		030109E51CF1F8FF9349153C /* 📦 Check Pods Manifest.lock */ = {
			isa = PBXShellScriptBuildPhase;
			buildActionMask = 2147483647;
			files = (
			);
			inputPaths = (
			);
			name = "📦 Check Pods Manifest.lock";
			outputPaths = (
			);
			runOnlyForDeploymentPostprocessing = 0;
			shellPath = /bin/sh;
			shellScript = "diff \"${PODS_ROOT}/../Podfile.lock\" \"${PODS_ROOT}/Manifest.lock\" > /dev/null\nif [[ $? != 0 ]] ; then\n    cat << EOM\nerror: The sandbox is not in sync with the Podfile.lock. Run 'pod install' or update your CocoaPods installation.\nEOM\n    exit 1\nfi\n";
			showEnvVarsInLog = 0;
		};
		0F3C1257447818E3AD809D1C /* 📦 Check Pods Manifest.lock */ = {
			isa = PBXShellScriptBuildPhase;
			buildActionMask = 2147483647;
			files = (
			);
			inputPaths = (
			);
			name = "📦 Check Pods Manifest.lock";
			outputPaths = (
			);
			runOnlyForDeploymentPostprocessing = 0;
			shellPath = /bin/sh;
			shellScript = "diff \"${PODS_ROOT}/../Podfile.lock\" \"${PODS_ROOT}/Manifest.lock\" > /dev/null\nif [[ $? != 0 ]] ; then\n    cat << EOM\nerror: The sandbox is not in sync with the Podfile.lock. Run 'pod install' or update your CocoaPods installation.\nEOM\n    exit 1\nfi\n";
			showEnvVarsInLog = 0;
		};
		1961D22243B448317E150C01 /* 📦 Check Pods Manifest.lock */ = {
			isa = PBXShellScriptBuildPhase;
			buildActionMask = 2147483647;
			files = (
			);
			inputPaths = (
			);
			name = "📦 Check Pods Manifest.lock";
			outputPaths = (
			);
			runOnlyForDeploymentPostprocessing = 0;
			shellPath = /bin/sh;
			shellScript = "diff \"${PODS_ROOT}/../Podfile.lock\" \"${PODS_ROOT}/Manifest.lock\" > /dev/null\nif [[ $? != 0 ]] ; then\n    cat << EOM\nerror: The sandbox is not in sync with the Podfile.lock. Run 'pod install' or update your CocoaPods installation.\nEOM\n    exit 1\nfi\n";
			showEnvVarsInLog = 0;
		};
		321DE075BC69C54B14AA54A6 /* 📦 Embed Pods Frameworks */ = {
			isa = PBXShellScriptBuildPhase;
			buildActionMask = 2147483647;
			files = (
			);
			inputPaths = (
			);
			name = "📦 Embed Pods Frameworks";
			outputPaths = (
			);
			runOnlyForDeploymentPostprocessing = 0;
			shellPath = /bin/sh;
			shellScript = "\"${SRCROOT}/Pods/Target Support Files/Pods-SampleRealm/Pods-SampleRealm-frameworks.sh\"\n";
			showEnvVarsInLog = 0;
		};
		5B4981DEF84EEAE92CB5F52D /* 📦 Copy Pods Resources */ = {
			isa = PBXShellScriptBuildPhase;
			buildActionMask = 2147483647;
			files = (
			);
			inputPaths = (
			);
			name = "📦 Copy Pods Resources";
			outputPaths = (
			);
			runOnlyForDeploymentPostprocessing = 0;
			shellPath = /bin/sh;
			shellScript = "\"${SRCROOT}/Pods/Target Support Files/Pods-SampleRealmTests/Pods-SampleRealmTests-resources.sh\"\n";
			showEnvVarsInLog = 0;
		};
		869E277B47ED5309C90EC03A /* 📦 Copy Pods Resources */ = {
			isa = PBXShellScriptBuildPhase;
			buildActionMask = 2147483647;
			files = (
			);
			inputPaths = (
			);
			name = "📦 Copy Pods Resources";
			outputPaths = (
			);
			runOnlyForDeploymentPostprocessing = 0;
			shellPath = /bin/sh;
			shellScript = "\"${SRCROOT}/Pods/Target Support Files/Pods-SampleRealm/Pods-SampleRealm-resources.sh\"\n";
			showEnvVarsInLog = 0;
		};
		B51077DBE76AF96A8BB60D9F /* 📦 Copy Pods Resources */ = {
			isa = PBXShellScriptBuildPhase;
			buildActionMask = 2147483647;
			files = (
			);
			inputPaths = (
			);
			name = "📦 Copy Pods Resources";
			outputPaths = (
			);
			runOnlyForDeploymentPostprocessing = 0;
			shellPath = /bin/sh;
			shellScript = "\"${SRCROOT}/Pods/Target Support Files/Pods-SampleRealmUITests/Pods-SampleRealmUITests-resources.sh\"\n";
			showEnvVarsInLog = 0;
		};
		BD4853CC0E9EF0C2B77229F5 /* 📦 Embed Pods Frameworks */ = {
			isa = PBXShellScriptBuildPhase;
			buildActionMask = 2147483647;
			files = (
			);
			inputPaths = (
			);
			name = "📦 Embed Pods Frameworks";
			outputPaths = (
			);
			runOnlyForDeploymentPostprocessing = 0;
			shellPath = /bin/sh;
			shellScript = "\"${SRCROOT}/Pods/Target Support Files/Pods-SampleRealmTests/Pods-SampleRealmTests-frameworks.sh\"\n";
			showEnvVarsInLog = 0;
		};
		EC44F1B20A7D08D3DE48AF8B /* Embed Pods Frameworks */ = {
			isa = PBXShellScriptBuildPhase;
			buildActionMask = 2147483647;
			files = (
			);
			inputPaths = (
			);
			name = "Embed Pods Frameworks";
			outputPaths = (
			);
			runOnlyForDeploymentPostprocessing = 0;
			shellPath = /bin/sh;
			shellScript = "\"${SRCROOT}/Pods/Target Support Files/Pods-SampleRealm/Pods-SampleRealm-frameworks.sh\"\n";
			showEnvVarsInLog = 0;
		};
/* End PBXShellScriptBuildPhase section */

/* Begin PBXSourcesBuildPhase section */
		39D49A661C4B2186008077D3 /* Sources */ = {
			isa = PBXSourcesBuildPhase;
			buildActionMask = 2147483647;
			files = (
				39B069D51C79F860007A17D0 /* Photo.swift in Sources */,
				39D49A701C4B2186008077D3 /* ViewController.swift in Sources */,
				3995253D1CFF473D00432B4C /* ListViewController.swift in Sources */,
				399525401CFF47DD00432B4C /* ListCell.swift in Sources */,
				39D49A6E1C4B2186008077D3 /* AppDelegate.swift in Sources */,
			);
			runOnlyForDeploymentPostprocessing = 0;
		};
		39D49A7A1C4B2186008077D3 /* Sources */ = {
			isa = PBXSourcesBuildPhase;
			buildActionMask = 2147483647;
			files = (
				39D49A831C4B2186008077D3 /* SampleRealmTests.swift in Sources */,
			);
			runOnlyForDeploymentPostprocessing = 0;
		};
		39D49A851C4B2186008077D3 /* Sources */ = {
			isa = PBXSourcesBuildPhase;
			buildActionMask = 2147483647;
			files = (
				39D49A8E1C4B2186008077D3 /* SampleRealmUITests.swift in Sources */,
			);
			runOnlyForDeploymentPostprocessing = 0;
		};
/* End PBXSourcesBuildPhase section */

/* Begin PBXTargetDependency section */
		39D49A801C4B2186008077D3 /* PBXTargetDependency */ = {
			isa = PBXTargetDependency;
			target = 39D49A691C4B2186008077D3 /* SampleRealm */;
			targetProxy = 39D49A7F1C4B2186008077D3 /* PBXContainerItemProxy */;
		};
		39D49A8B1C4B2186008077D3 /* PBXTargetDependency */ = {
			isa = PBXTargetDependency;
			target = 39D49A691C4B2186008077D3 /* SampleRealm */;
			targetProxy = 39D49A8A1C4B2186008077D3 /* PBXContainerItemProxy */;
		};
/* End PBXTargetDependency section */

/* Begin PBXVariantGroup section */
		39D49A711C4B2186008077D3 /* Main.storyboard */ = {
			isa = PBXVariantGroup;
			children = (
				39D49A721C4B2186008077D3 /* Base */,
			);
			name = Main.storyboard;
			sourceTree = "<group>";
		};
		39D49A761C4B2186008077D3 /* LaunchScreen.storyboard */ = {
			isa = PBXVariantGroup;
			children = (
				39D49A771C4B2186008077D3 /* Base */,
			);
			name = LaunchScreen.storyboard;
			sourceTree = "<group>";
		};
/* End PBXVariantGroup section */

/* Begin XCBuildConfiguration section */
		39D49A901C4B2186008077D3 /* Debug */ = {
			isa = XCBuildConfiguration;
			buildSettings = {
				ALWAYS_SEARCH_USER_PATHS = NO;
				CLANG_CXX_LANGUAGE_STANDARD = "gnu++0x";
				CLANG_CXX_LIBRARY = "libc++";
				CLANG_ENABLE_MODULES = YES;
				CLANG_ENABLE_OBJC_ARC = YES;
				CLANG_WARN_BOOL_CONVERSION = YES;
				CLANG_WARN_CONSTANT_CONVERSION = YES;
				CLANG_WARN_DIRECT_OBJC_ISA_USAGE = YES_ERROR;
				CLANG_WARN_EMPTY_BODY = YES;
				CLANG_WARN_ENUM_CONVERSION = YES;
				CLANG_WARN_INT_CONVERSION = YES;
				CLANG_WARN_OBJC_ROOT_CLASS = YES_ERROR;
				CLANG_WARN_UNREACHABLE_CODE = YES;
				CLANG_WARN__DUPLICATE_METHOD_MATCH = YES;
				"CODE_SIGN_IDENTITY[sdk=iphoneos*]" = "iPhone Developer";
				COPY_PHASE_STRIP = NO;
				DEBUG_INFORMATION_FORMAT = dwarf;
				ENABLE_STRICT_OBJC_MSGSEND = YES;
				ENABLE_TESTABILITY = YES;
				GCC_C_LANGUAGE_STANDARD = gnu99;
				GCC_DYNAMIC_NO_PIC = NO;
				GCC_NO_COMMON_BLOCKS = YES;
				GCC_OPTIMIZATION_LEVEL = 0;
				GCC_PREPROCESSOR_DEFINITIONS = (
					"DEBUG=1",
					"$(inherited)",
				);
				GCC_WARN_64_TO_32_BIT_CONVERSION = YES;
				GCC_WARN_ABOUT_RETURN_TYPE = YES_ERROR;
				GCC_WARN_UNDECLARED_SELECTOR = YES;
				GCC_WARN_UNINITIALIZED_AUTOS = YES_AGGRESSIVE;
				GCC_WARN_UNUSED_FUNCTION = YES;
				GCC_WARN_UNUSED_VARIABLE = YES;
				IPHONEOS_DEPLOYMENT_TARGET = 9.2;
				MTL_ENABLE_DEBUG_INFO = YES;
				ONLY_ACTIVE_ARCH = YES;
				SDKROOT = iphoneos;
				SWIFT_OPTIMIZATION_LEVEL = "-Onone";
			};
			name = Debug;
		};
		39D49A911C4B2186008077D3 /* Release */ = {
			isa = XCBuildConfiguration;
			buildSettings = {
				ALWAYS_SEARCH_USER_PATHS = NO;
				CLANG_CXX_LANGUAGE_STANDARD = "gnu++0x";
				CLANG_CXX_LIBRARY = "libc++";
				CLANG_ENABLE_MODULES = YES;
				CLANG_ENABLE_OBJC_ARC = YES;
				CLANG_WARN_BOOL_CONVERSION = YES;
				CLANG_WARN_CONSTANT_CONVERSION = YES;
				CLANG_WARN_DIRECT_OBJC_ISA_USAGE = YES_ERROR;
				CLANG_WARN_EMPTY_BODY = YES;
				CLANG_WARN_ENUM_CONVERSION = YES;
				CLANG_WARN_INT_CONVERSION = YES;
				CLANG_WARN_OBJC_ROOT_CLASS = YES_ERROR;
				CLANG_WARN_UNREACHABLE_CODE = YES;
				CLANG_WARN__DUPLICATE_METHOD_MATCH = YES;
				"CODE_SIGN_IDENTITY[sdk=iphoneos*]" = "iPhone Developer";
				COPY_PHASE_STRIP = NO;
				DEBUG_INFORMATION_FORMAT = "dwarf-with-dsym";
				ENABLE_NS_ASSERTIONS = NO;
				ENABLE_STRICT_OBJC_MSGSEND = YES;
				GCC_C_LANGUAGE_STANDARD = gnu99;
				GCC_NO_COMMON_BLOCKS = YES;
				GCC_WARN_64_TO_32_BIT_CONVERSION = YES;
				GCC_WARN_ABOUT_RETURN_TYPE = YES_ERROR;
				GCC_WARN_UNDECLARED_SELECTOR = YES;
				GCC_WARN_UNINITIALIZED_AUTOS = YES_AGGRESSIVE;
				GCC_WARN_UNUSED_FUNCTION = YES;
				GCC_WARN_UNUSED_VARIABLE = YES;
				IPHONEOS_DEPLOYMENT_TARGET = 9.2;
				MTL_ENABLE_DEBUG_INFO = NO;
				SDKROOT = iphoneos;
				VALIDATE_PRODUCT = YES;
			};
			name = Release;
		};
		39D49A931C4B2186008077D3 /* Debug */ = {
			isa = XCBuildConfiguration;
			baseConfigurationReference = 1C857DF1E7A7E21BC0078A36 /* Pods-SampleRealm.debug.xcconfig */;
			buildSettings = {
				ASSETCATALOG_COMPILER_APPICON_NAME = AppIcon;
				INFOPLIST_FILE = SampleRealm/Info.plist;
				LD_RUNPATH_SEARCH_PATHS = "$(inherited) @executable_path/Frameworks";
				PRODUCT_BUNDLE_IDENTIFIER = com.litech.SampleRealm;
				PRODUCT_NAME = "$(TARGET_NAME)";
			};
			name = Debug;
		};
		39D49A941C4B2186008077D3 /* Release */ = {
			isa = XCBuildConfiguration;
			baseConfigurationReference = AB367A5B0B1EF89D81D850F8 /* Pods-SampleRealm.release.xcconfig */;
			buildSettings = {
				ASSETCATALOG_COMPILER_APPICON_NAME = AppIcon;
				INFOPLIST_FILE = SampleRealm/Info.plist;
				LD_RUNPATH_SEARCH_PATHS = "$(inherited) @executable_path/Frameworks";
				PRODUCT_BUNDLE_IDENTIFIER = com.litech.SampleRealm;
				PRODUCT_NAME = "$(TARGET_NAME)";
			};
			name = Release;
		};
		39D49A961C4B2186008077D3 /* Debug */ = {
			isa = XCBuildConfiguration;
			baseConfigurationReference = 63CAEE96992B2084D72B4489 /* Pods-SampleRealmTests.debug.xcconfig */;
			buildSettings = {
				BUNDLE_LOADER = "$(TEST_HOST)";
				INFOPLIST_FILE = SampleRealmTests/Info.plist;
				LD_RUNPATH_SEARCH_PATHS = "$(inherited) @executable_path/Frameworks @loader_path/Frameworks";
				PRODUCT_BUNDLE_IDENTIFIER = com.litech.SampleRealmTests;
				PRODUCT_NAME = "$(TARGET_NAME)";
				TEST_HOST = "$(BUILT_PRODUCTS_DIR)/SampleRealm.app/SampleRealm";
			};
			name = Debug;
		};
		39D49A971C4B2186008077D3 /* Release */ = {
			isa = XCBuildConfiguration;
			baseConfigurationReference = 0DCA54B9581653C6E0279B72 /* Pods-SampleRealmTests.release.xcconfig */;
			buildSettings = {
				BUNDLE_LOADER = "$(TEST_HOST)";
				INFOPLIST_FILE = SampleRealmTests/Info.plist;
				LD_RUNPATH_SEARCH_PATHS = "$(inherited) @executable_path/Frameworks @loader_path/Frameworks";
				PRODUCT_BUNDLE_IDENTIFIER = com.litech.SampleRealmTests;
				PRODUCT_NAME = "$(TARGET_NAME)";
				TEST_HOST = "$(BUILT_PRODUCTS_DIR)/SampleRealm.app/SampleRealm";
			};
			name = Release;
		};
		39D49A991C4B2186008077D3 /* Debug */ = {
			isa = XCBuildConfiguration;
			baseConfigurationReference = 6966CABF0F8E28507C4C16A2 /* Pods-SampleRealmUITests.debug.xcconfig */;
			buildSettings = {
				INFOPLIST_FILE = SampleRealmUITests/Info.plist;
				LD_RUNPATH_SEARCH_PATHS = "$(inherited) @executable_path/Frameworks @loader_path/Frameworks";
				PRODUCT_BUNDLE_IDENTIFIER = com.litech.SampleRealmUITests;
				PRODUCT_NAME = "$(TARGET_NAME)";
				TEST_TARGET_NAME = SampleRealm;
				USES_XCTRUNNER = YES;
			};
			name = Debug;
		};
		39D49A9A1C4B2186008077D3 /* Release */ = {
			isa = XCBuildConfiguration;
			baseConfigurationReference = 57AEC89D10BDB0B8032A3BDF /* Pods-SampleRealmUITests.release.xcconfig */;
			buildSettings = {
				INFOPLIST_FILE = SampleRealmUITests/Info.plist;
				LD_RUNPATH_SEARCH_PATHS = "$(inherited) @executable_path/Frameworks @loader_path/Frameworks";
				PRODUCT_BUNDLE_IDENTIFIER = com.litech.SampleRealmUITests;
				PRODUCT_NAME = "$(TARGET_NAME)";
				TEST_TARGET_NAME = SampleRealm;
				USES_XCTRUNNER = YES;
			};
			name = Release;
		};
/* End XCBuildConfiguration section */

/* Begin XCConfigurationList section */
		39D49A651C4B2186008077D3 /* Build configuration list for PBXProject "SampleRealm" */ = {
			isa = XCConfigurationList;
			buildConfigurations = (
				39D49A901C4B2186008077D3 /* Debug */,
				39D49A911C4B2186008077D3 /* Release */,
			);
			defaultConfigurationIsVisible = 0;
			defaultConfigurationName = Release;
		};
		39D49A921C4B2186008077D3 /* Build configuration list for PBXNativeTarget "SampleRealm" */ = {
			isa = XCConfigurationList;
			buildConfigurations = (
				39D49A931C4B2186008077D3 /* Debug */,
				39D49A941C4B2186008077D3 /* Release */,
			);
			defaultConfigurationIsVisible = 0;
			defaultConfigurationName = Release;
		};
		39D49A951C4B2186008077D3 /* Build configuration list for PBXNativeTarget "SampleRealmTests" */ = {
			isa = XCConfigurationList;
			buildConfigurations = (
				39D49A961C4B2186008077D3 /* Debug */,
				39D49A971C4B2186008077D3 /* Release */,
			);
			defaultConfigurationIsVisible = 0;
			defaultConfigurationName = Release;
		};
		39D49A981C4B2186008077D3 /* Build configuration list for PBXNativeTarget "SampleRealmUITests" */ = {
			isa = XCConfigurationList;
			buildConfigurations = (
				39D49A991C4B2186008077D3 /* Debug */,
				39D49A9A1C4B2186008077D3 /* Release */,
			);
			defaultConfigurationIsVisible = 0;
			defaultConfigurationName = Release;
		};
/* End XCConfigurationList section */
	};
	rootObject = 39D49A621C4B2186008077D3 /* Project object */;
}
